
Microsoft Visual Studio Solution File, Format Version 12.00
# Visual Studio Version 17
VisualStudioVersion = 17.4.33403.182
MinimumVisualStudioVersion = 10.0.40219.1
Project("{FAE04EC0-301F-11D3-BF4B-00C04F79EFBC}") = "Botris", "Botris\Botris.csproj", "{E32B07B8-C334-4135-986D-FB9F6AFF0F8E}"
EndProject
Global
	GlobalSection(SolutionConfigurationPlatforms) = preSolution
		Debug|Any CPU = Debug|Any CPU
		Release|Any CPU = Release|Any CPU
	EndGlobalSection
	GlobalSection(ProjectConfigurationPlatforms) = postSolution
		{E32B07B8-C334-4135-986D-FB9F6AFF0F8E}.Debug|Any CPU.ActiveCfg = Debug|Any CPU
		{E32B07B8-C334-4135-986D-FB9F6AFF0F8E}.Debug|Any CPU.Build.0 = Debug|Any CPU
		{E32B07B8-C334-4135-986D-FB9F6AFF0F8E}.Release|Any CPU.ActiveCfg = Release|Any CPU
		{E32B07B8-C334-4135-986D-FB9F6AFF0F8E}.Release|Any CPU.Build.0 = Release|Any CPU
	EndGlobalSection
	GlobalSection(SolutionProperties) = preSolution
		HideSolutionNode = FALSE
	EndGlobalSection
	GlobalSection(ExtensibilityGlobals) = postSolution
		SolutionGuid = {EF98F754-2D88-4065-8DDD-DD83E589C675}
	EndGlobalSection
EndGlobal
